
Microsoft Visual Studio Solution File, Format Version 12.00
# Visual Studio Version 17
VisualStudioVersion = 17.2.32630.192
MinimumVisualStudioVersion = 10.0.40219.1
Project("{E24C65DC-7377-472B-9ABA-BC803B73C61A}") = "WebSite3", "WebSite3\", "{F13F3905-222A-420F-920B-4117C6D8E0CA}"
	ProjectSection(WebsiteProperties) = preProject
		TargetFrameworkMoniker = ".NETFramework,Version%3Dv4.7.2"
		Debug.AspNetCompiler.VirtualPath = "/localhost_55688"
		Debug.AspNetCompiler.PhysicalPath = "WebSite3\"
		Debug.AspNetCompiler.TargetPath = "PrecompiledWeb\localhost_55688\"
		Debug.AspNetCompiler.Updateable = "true"
		Debug.AspNetCompiler.ForceOverwrite = "true"
		Debug.AspNetCompiler.FixedNames = "false"
		Debug.AspNetCompiler.Debug = "True"
		Release.AspNetCompiler.VirtualPath = "/localhost_55688"
		Release.AspNetCompiler.PhysicalPath = "WebSite3\"
		Release.AspNetCompiler.TargetPath = "PrecompiledWeb\localhost_55688\"
		Release.AspNetCompiler.Updateable = "true"
		Release.AspNetCompiler.ForceOverwrite = "true"
		Release.AspNetCompiler.FixedNames = "false"
		Release.AspNetCompiler.Debug = "False"
		VWDPort = "55688"
		SlnRelativePath = "WebSite3\"
		DefaultWebSiteLanguage = "Visual C#"
	EndProjectSection
EndProject
Global
	GlobalSection(SolutionConfigurationPlatforms) = preSolution
		Debug|Any CPU = Debug|Any CPU
	EndGlobalSection
	GlobalSection(ProjectConfigurationPlatforms) = postSolution
		{F13F3905-222A-420F-920B-4117C6D8E0CA}.Debug|Any CPU.ActiveCfg = Debug|Any CPU
		{F13F3905-222A-420F-920B-4117C6D8E0CA}.Debug|Any CPU.Build.0 = Debug|Any CPU
	EndGlobalSection
	GlobalSection(SolutionProperties) = preSolution
		HideSolutionNode = FALSE
	EndGlobalSection
	GlobalSection(ExtensibilityGlobals) = postSolution
		SolutionGuid = {1898545A-BCC7-4884-A0ED-CC4B6BA3C9F6}
	EndGlobalSection
EndGlobal
